# THIS IS AN AUTOGENERATED FILE. DO NOT EDIT THIS FILE DIRECTLY.
# yarn lockfile v1


"@fortawesome/fontawesome-free@^5.6.3":
  version "5.6.3"
  resolved "https://registry.yarnpkg.com/@fortawesome/fontawesome-free/-/fontawesome-free-5.6.3.tgz#61c122c420d7a91613f393d6a06e5a4c6ae6abf3"
  integrity sha512-s5PLdI9NYgjBvfrv6rhirPHlAHWx+Sfo/IjsAeiXYfmemC/GSjwsyz1wLnGPazbLPXWfk62ks980o9AmsxYUEQ==

foundation-sites@^6.5.2:
  version "6.5.2"
  resolved "https://registry.yarnpkg.com/foundation-sites/-/foundation-sites-6.5.2.tgz#f1c208f75869a2dfaa81b2756281a73d8b718d63"
  integrity sha512-09gzfT9dHLoerYSMbs0ytgppn3YYw0h6Ug0q/RAYekzCUHQwJPUfNIXgX5iOBA8No2/zvfL5EeE6YrPBV90qxw==

jquery@^3.3.1:
  version "3.3.1"
  resolved "https://registry.yarnpkg.com/jquery/-/jquery-3.3.1.tgz#958ce29e81c9790f31be7792df5d4d95fc57fbca"
  integrity sha512-Ubldcmxp5np52/ENotGxlLe6aGMvmF4R8S6tZjsP6Knsaxd/xp3Zrh50cG93lR6nPXyUFwzN3ZSOQI0wRJNdGg==

what-input@^5.1.3:
  version "5.1.3"
  resolved "https://registry.yarnpkg.com/what-input/-/what-input-5.1.3.tgz#3128d336a6bcd0f5ab6d72518e0545d3b7d30171"
  integrity sha512-Cr0IKKJNJcrgRbsRj7lThvLZD/cwHI+rrnn3m8FFd5tqunR8jw1SyaObLxn0jL8vEb6P7bnjvdJXBBW8s+DmsA==
